
Microsoft Visual Studio Solution File, Format Version 12.00
# Visual Studio Version 16
VisualStudioVersion = 16.0.32106.194
MinimumVisualStudioVersion = 10.0.40219.1
Project("{FAE04EC0-301F-11D3-BF4B-00C04F79EFBC}") = "IDM_Project.Android", "IDM_Project.Android\IDM_Project.Android.csproj", "{992C5037-E6D5-4B76-9BA8-5408E5218723}"
EndProject
Project("{FAE04EC0-301F-11D3-BF4B-00C04F79EFBC}") = "IDM_Project.iOS", "IDM_Project.iOS\IDM_Project.iOS.csproj", "{03E9606C-89F3-455D-B154-60EBCC256A64}"
EndProject
Project("{FAE04EC0-301F-11D3-BF4B-00C04F79EFBC}") = "IDM_Project", "IDM_Project\IDM_Project.csproj", "{76CA557A-FA37-46D5-AE64-CAA9BFE5E825}"
EndProject
Global
	GlobalSection(SolutionConfigurationPlatforms) = preSolution
		Debug|Any CPU = Debug|Any CPU
		Debug|iPhone = Debug|iPhone
		Debug|iPhoneSimulator = Debug|iPhoneSimulator
		Release|Any CPU = Release|Any CPU
		Release|iPhone = Release|iPhone
		Release|iPhoneSimulator = Release|iPhoneSimulator
	EndGlobalSection
	GlobalSection(ProjectConfigurationPlatforms) = postSolution
		{992C5037-E6D5-4B76-9BA8-5408E5218723}.Debug|Any CPU.ActiveCfg = Debug|Any CPU
		{992C5037-E6D5-4B76-9BA8-5408E5218723}.Debug|Any CPU.Build.0 = Debug|Any CPU
		{992C5037-E6D5-4B76-9BA8-5408E5218723}.Debug|Any CPU.Deploy.0 = Debug|Any CPU
		{992C5037-E6D5-4B76-9BA8-5408E5218723}.Debug|iPhone.ActiveCfg = Debug|Any CPU
		{992C5037-E6D5-4B76-9BA8-5408E5218723}.Debug|iPhone.Build.0 = Debug|Any CPU
		{992C5037-E6D5-4B76-9BA8-5408E5218723}.Debug|iPhone.Deploy.0 = Debug|Any CPU
		{992C5037-E6D5-4B76-9BA8-5408E5218723}.Debug|iPhoneSimulator.ActiveCfg = Debug|Any CPU
		{992C5037-E6D5-4B76-9BA8-5408E5218723}.Debug|iPhoneSimulator.Build.0 = Debug|Any CPU
		{992C5037-E6D5-4B76-9BA8-5408E5218723}.Debug|iPhoneSimulator.Deploy.0 = Debug|Any CPU
		{992C5037-E6D5-4B76-9BA8-5408E5218723}.Release|Any CPU.ActiveCfg = Release|Any CPU
		{992C5037-E6D5-4B76-9BA8-5408E5218723}.Release|Any CPU.Build.0 = Release|Any CPU
		{992C5037-E6D5-4B76-9BA8-5408E5218723}.Release|Any CPU.Deploy.0 = Release|Any CPU
		{992C5037-E6D5-4B76-9BA8-5408E5218723}.Release|iPhone.ActiveCfg = Release|Any CPU
		{992C5037-E6D5-4B76-9BA8-5408E5218723}.Release|iPhone.Build.0 = Release|Any CPU
		{992C5037-E6D5-4B76-9BA8-5408E5218723}.Release|iPhone.Deploy.0 = Release|Any CPU
		{992C5037-E6D5-4B76-9BA8-5408E5218723}.Release|iPhoneSimulator.ActiveCfg = Release|Any CPU
		{992C5037-E6D5-4B76-9BA8-5408E5218723}.Release|iPhoneSimulator.Build.0 = Release|Any CPU
		{992C5037-E6D5-4B76-9BA8-5408E5218723}.Release|iPhoneSimulator.Deploy.0 = Release|Any CPU
		{03E9606C-89F3-455D-B154-60EBCC256A64}.Debug|Any CPU.ActiveCfg = Debug|iPhone
		{03E9606C-89F3-455D-B154-60EBCC256A64}.Debug|Any CPU.Build.0 = Debug|iPhone
		{03E9606C-89F3-455D-B154-60EBCC256A64}.Debug|Any CPU.Deploy.0 = Debug|iPhone
		{03E9606C-89F3-455D-B154-60EBCC256A64}.Debug|iPhone.ActiveCfg = Debug|iPhone
		{03E9606C-89F3-455D-B154-60EBCC256A64}.Debug|iPhone.Build.0 = Debug|iPhone
		{03E9606C-89F3-455D-B154-60EBCC256A64}.Debug|iPhone.Deploy.0 = Debug|iPhone
		{03E9606C-89F3-455D-B154-60EBCC256A64}.Debug|iPhoneSimulator.ActiveCfg = Debug|iPhoneSimulator
		{03E9606C-89F3-455D-B154-60EBCC256A64}.Debug|iPhoneSimulator.Build.0 = Debug|iPhoneSimulator
		{03E9606C-89F3-455D-B154-60EBCC256A64}.Debug|iPhoneSimulator.Deploy.0 = Debug|iPhoneSimulator
		{03E9606C-89F3-455D-B154-60EBCC256A64}.Release|Any CPU.ActiveCfg = Release|iPhoneSimulator
		{03E9606C-89F3-455D-B154-60EBCC256A64}.Release|Any CPU.Build.0 = Release|iPhoneSimulator
		{03E9606C-89F3-455D-B154-60EBCC256A64}.Release|Any CPU.Deploy.0 = Release|iPhoneSimulator
		{03E9606C-89F3-455D-B154-60EBCC256A64}.Release|iPhone.ActiveCfg = Release|iPhone
		{03E9606C-89F3-455D-B154-60EBCC256A64}.Release|iPhone.Build.0 = Release|iPhone
		{03E9606C-89F3-455D-B154-60EBCC256A64}.Release|iPhone.Deploy.0 = Release|iPhone
		{03E9606C-89F3-455D-B154-60EBCC256A64}.Release|iPhoneSimulator.ActiveCfg = Release|iPhoneSimulator
		{03E9606C-89F3-455D-B154-60EBCC256A64}.Release|iPhoneSimulator.Build.0 = Release|iPhoneSimulator
		{03E9606C-89F3-455D-B154-60EBCC256A64}.Release|iPhoneSimulator.Deploy.0 = Release|iPhoneSimulator
		{76CA557A-FA37-46D5-AE64-CAA9BFE5E825}.Debug|Any CPU.ActiveCfg = Debug|Any CPU
		{76CA557A-FA37-46D5-AE64-CAA9BFE5E825}.Debug|Any CPU.Build.0 = Debug|Any CPU
		{76CA557A-FA37-46D5-AE64-CAA9BFE5E825}.Debug|Any CPU.Deploy.0 = Debug|Any CPU
		{76CA557A-FA37-46D5-AE64-CAA9BFE5E825}.Debug|iPhone.ActiveCfg = Debug|Any CPU
		{76CA557A-FA37-46D5-AE64-CAA9BFE5E825}.Debug|iPhone.Build.0 = Debug|Any CPU
		{76CA557A-FA37-46D5-AE64-CAA9BFE5E825}.Debug|iPhone.Deploy.0 = Debug|Any CPU
		{76CA557A-FA37-46D5-AE64-CAA9BFE5E825}.Debug|iPhoneSimulator.ActiveCfg = Debug|Any CPU
		{76CA557A-FA37-46D5-AE64-CAA9BFE5E825}.Debug|iPhoneSimulator.Build.0 = Debug|Any CPU
		{76CA557A-FA37-46D5-AE64-CAA9BFE5E825}.Debug|iPhoneSimulator.Deploy.0 = Debug|Any CPU
		{76CA557A-FA37-46D5-AE64-CAA9BFE5E825}.Release|Any CPU.ActiveCfg = Release|Any CPU
		{76CA557A-FA37-46D5-AE64-CAA9BFE5E825}.Release|Any CPU.Build.0 = Release|Any CPU
		{76CA557A-FA37-46D5-AE64-CAA9BFE5E825}.Release|Any CPU.Deploy.0 = Release|Any CPU
		{76CA557A-FA37-46D5-AE64-CAA9BFE5E825}.Release|iPhone.ActiveCfg = Release|Any CPU
		{76CA557A-FA37-46D5-AE64-CAA9BFE5E825}.Release|iPhone.Build.0 = Release|Any CPU
		{76CA557A-FA37-46D5-AE64-CAA9BFE5E825}.Release|iPhone.Deploy.0 = Release|Any CPU
		{76CA557A-FA37-46D5-AE64-CAA9BFE5E825}.Release|iPhoneSimulator.ActiveCfg = Release|Any CPU
		{76CA557A-FA37-46D5-AE64-CAA9BFE5E825}.Release|iPhoneSimulator.Build.0 = Release|Any CPU
		{76CA557A-FA37-46D5-AE64-CAA9BFE5E825}.Release|iPhoneSimulator.Deploy.0 = Release|Any CPU
	EndGlobalSection
	GlobalSection(SolutionProperties) = preSolution
		HideSolutionNode = FALSE
	EndGlobalSection
	GlobalSection(ExtensibilityGlobals) = postSolution
		SolutionGuid = {8534641F-20DA-43AC-8AF2-14FA391FEA41}
	EndGlobalSection
EndGlobal
